// !$*UTF8*$!
{
	archiveVersion = 1;
	classes = {
	};
	objectVersion = 56;
	objects = {

/* Begin PBXBuildFile section */
		CDCBA2332ABB30820029BBB1 /* gps_trackerApp.swift in Sources */ = {isa = PBXBuildFile; fileRef = CDCBA2322ABB30820029BBB1 /* gps_trackerApp.swift */; };
		CDCBA2352ABB30820029BBB1 /* ContentView.swift in Sources */ = {isa = PBXBuildFile; fileRef = CDCBA2342ABB30820029BBB1 /* ContentView.swift */; };
		CDCBA2372ABB30830029BBB1 /* Assets.xcassets in Resources */ = {isa = PBXBuildFile; fileRef = CDCBA2362ABB30830029BBB1 /* Assets.xcassets */; };
		CDCBA23A2ABB30830029BBB1 /* Preview Assets.xcassets in Resources */ = {isa = PBXBuildFile; fileRef = CDCBA2392ABB30830029BBB1 /* Preview Assets.xcassets */; };
		CDCBA2442ABB30830029BBB1 /* gps_trackerTests.swift in Sources */ = {isa = PBXBuildFile; fileRef = CDCBA2432ABB30830029BBB1 /* gps_trackerTests.swift */; };
		CDCBA24E2ABB30830029BBB1 /* gps_trackerUITests.swift in Sources */ = {isa = PBXBuildFile; fileRef = CDCBA24D2ABB30830029BBB1 /* gps_trackerUITests.swift */; };
		CDCBA2502ABB30830029BBB1 /* gps_trackerUITestsLaunchTests.swift in Sources */ = {isa = PBXBuildFile; fileRef = CDCBA24F2ABB30830029BBB1 /* gps_trackerUITestsLaunchTests.swift */; };
/* End PBXBuildFile section */

/* Begin PBXContainerItemProxy section */
		CDCBA2402ABB30830029BBB1 /* PBXContainerItemProxy */ = {
			isa = PBXContainerItemProxy;
			containerPortal = CDCBA2272ABB30820029BBB1 /* Project object */;
			proxyType = 1;
			remoteGlobalIDString = CDCBA22E2ABB30820029BBB1;
			remoteInfo = "gps-tracker";
		};
		CDCBA24A2ABB30830029BBB1 /* PBXContainerItemProxy */ = {
			isa = PBXContainerItemProxy;
			containerPortal = CDCBA2272ABB30820029BBB1 /* Project object */;
			proxyType = 1;
			remoteGlobalIDString = CDCBA22E2ABB30820029BBB1;
			remoteInfo = "gps-tracker";
		};
/* End PBXContainerItemProxy section */

/* Begin PBXFileReference section */
		CDCBA22F2ABB30820029BBB1 /* gps-tracker.app */ = {isa = PBXFileReference; explicitFileType = wrapper.application; includeInIndex = 0; path = "gps-tracker.app"; sourceTree = BUILT_PRODUCTS_DIR; };
		CDCBA2322ABB30820029BBB1 /* gps_trackerApp.swift */ = {isa = PBXFileReference; lastKnownFileType = sourcecode.swift; path = gps_trackerApp.swift; sourceTree = "<group>"; };
		CDCBA2342ABB30820029BBB1 /* ContentView.swift */ = {isa = PBXFileReference; lastKnownFileType = sourcecode.swift; path = ContentView.swift; sourceTree = "<group>"; };
		CDCBA2362ABB30830029BBB1 /* Assets.xcassets */ = {isa = PBXFileReference; lastKnownFileType = folder.assetcatalog; path = Assets.xcassets; sourceTree = "<group>"; };
		CDCBA2392ABB30830029BBB1 /* Preview Assets.xcassets */ = {isa = PBXFileReference; lastKnownFileType = folder.assetcatalog; path = "Preview Assets.xcassets"; sourceTree = "<group>"; };
		CDCBA23F2ABB30830029BBB1 /* gps-trackerTests.xctest */ = {isa = PBXFileReference; explicitFileType = wrapper.cfbundle; includeInIndex = 0; path = "gps-trackerTests.xctest"; sourceTree = BUILT_PRODUCTS_DIR; };
		CDCBA2432ABB30830029BBB1 /* gps_trackerTests.swift */ = {isa = PBXFileReference; lastKnownFileType = sourcecode.swift; path = gps_trackerTests.swift; sourceTree = "<group>"; };
		CDCBA2492ABB30830029BBB1 /* gps-trackerUITests.xctest */ = {isa = PBXFileReference; explicitFileType = wrapper.cfbundle; includeInIndex = 0; path = "gps-trackerUITests.xctest"; sourceTree = BUILT_PRODUCTS_DIR; };
		CDCBA24D2ABB30830029BBB1 /* gps_trackerUITests.swift */ = {isa = PBXFileReference; lastKnownFileType = sourcecode.swift; path = gps_trackerUITests.swift; sourceTree = "<group>"; };
		CDCBA24F2ABB30830029BBB1 /* gps_trackerUITestsLaunchTests.swift */ = {isa = PBXFileReference; lastKnownFileType = sourcecode.swift; path = gps_trackerUITestsLaunchTests.swift; sourceTree = "<group>"; };
/* End PBXFileReference section */

/* Begin PBXFrameworksBuildPhase section */
		CDCBA22C2ABB30820029BBB1 /* Frameworks */ = {
			isa = PBXFrameworksBuildPhase;
			buildActionMask = 2147483647;
			files = (
			);
			runOnlyForDeploymentPostprocessing = 0;
		};
		CDCBA23C2ABB30830029BBB1 /* Frameworks */ = {
			isa = PBXFrameworksBuildPhase;
			buildActionMask = 2147483647;
			files = (
			);
			runOnlyForDeploymentPostprocessing = 0;
		};
		CDCBA2462ABB30830029BBB1 /* Frameworks */ = {
			isa = PBXFrameworksBuildPhase;
			buildActionMask = 2147483647;
			files = (
			);
			runOnlyForDeploymentPostprocessing = 0;
		};
/* End PBXFrameworksBuildPhase section */

/* Begin PBXGroup section */
		CDCBA2262ABB30820029BBB1 = {
			isa = PBXGroup;
			children = (
				CDCBA2312ABB30820029BBB1 /* gps-tracker */,
				CDCBA2422ABB30830029BBB1 /* gps-trackerTests */,
				CDCBA24C2ABB30830029BBB1 /* gps-trackerUITests */,
				CDCBA2302ABB30820029BBB1 /* Products */,
			);
			sourceTree = "<group>";
		};
		CDCBA2302ABB30820029BBB1 /* Products */ = {
			isa = PBXGroup;
			children = (
				CDCBA22F2ABB30820029BBB1 /* gps-tracker.app */,
				CDCBA23F2ABB30830029BBB1 /* gps-trackerTests.xctest */,
				CDCBA2492ABB30830029BBB1 /* gps-trackerUITests.xctest */,
			);
			name = Products;
			sourceTree = "<group>";
		};
		CDCBA2312ABB30820029BBB1 /* gps-tracker */ = {
			isa = PBXGroup;
			children = (
				CDCBA2322ABB30820029BBB1 /* gps_trackerApp.swift */,
				CDCBA2342ABB30820029BBB1 /* ContentView.swift */,
				CDCBA2362ABB30830029BBB1 /* Assets.xcassets */,
				CDCBA2382ABB30830029BBB1 /* Preview Content */,
			);
			path = "gps-tracker";
			sourceTree = "<group>";
		};
		CDCBA2382ABB30830029BBB1 /* Preview Content */ = {
			isa = PBXGroup;
			children = (
				CDCBA2392ABB30830029BBB1 /* Preview Assets.xcassets */,
			);
			path = "Preview Content";
			sourceTree = "<group>";
		};
		CDCBA2422ABB30830029BBB1 /* gps-trackerTests */ = {
			isa = PBXGroup;
			children = (
				CDCBA2432ABB30830029BBB1 /* gps_trackerTests.swift */,
			);
			path = "gps-trackerTests";
			sourceTree = "<group>";
		};
		CDCBA24C2ABB30830029BBB1 /* gps-trackerUITests */ = {
			isa = PBXGroup;
			children = (
				CDCBA24D2ABB30830029BBB1 /* gps_trackerUITests.swift */,
				CDCBA24F2ABB30830029BBB1 /* gps_trackerUITestsLaunchTests.swift */,
			);
			path = "gps-trackerUITests";
			sourceTree = "<group>";
		};
/* End PBXGroup section */

/* Begin PBXNativeTarget section */
		CDCBA22E2ABB30820029BBB1 /* gps-tracker */ = {
			isa = PBXNativeTarget;
			buildConfigurationList = CDCBA2532ABB30830029BBB1 /* Build configuration list for PBXNativeTarget "gps-tracker" */;
			buildPhases = (
				CDCBA22B2ABB30820029BBB1 /* Sources */,
				CDCBA22C2ABB30820029BBB1 /* Frameworks */,
				CDCBA22D2ABB30820029BBB1 /* Resources */,
			);
			buildRules = (
			);
			dependencies = (
			);
			name = "gps-tracker";
			productName = "gps-tracker";
			productReference = CDCBA22F2ABB30820029BBB1 /* gps-tracker.app */;
			productType = "com.apple.product-type.application";
		};
		CDCBA23E2ABB30830029BBB1 /* gps-trackerTests */ = {
			isa = PBXNativeTarget;
			buildConfigurationList = CDCBA2562ABB30830029BBB1 /* Build configuration list for PBXNativeTarget "gps-trackerTests" */;
			buildPhases = (
				CDCBA23B2ABB30830029BBB1 /* Sources */,
				CDCBA23C2ABB30830029BBB1 /* Frameworks */,
				CDCBA23D2ABB30830029BBB1 /* Resources */,
			);
			buildRules = (
			);
			dependencies = (
				CDCBA2412ABB30830029BBB1 /* PBXTargetDependency */,
			);
			name = "gps-trackerTests";
			productName = "gps-trackerTests";
			productReference = CDCBA23F2ABB30830029BBB1 /* gps-trackerTests.xctest */;
			productType = "com.apple.product-type.bundle.unit-test";
		};
		CDCBA2482ABB30830029BBB1 /* gps-trackerUITests */ = {
			isa = PBXNativeTarget;
			buildConfigurationList = CDCBA2592ABB30830029BBB1 /* Build configuration list for PBXNativeTarget "gps-trackerUITests" */;
			buildPhases = (
				CDCBA2452ABB30830029BBB1 /* Sources */,
				CDCBA2462ABB30830029BBB1 /* Frameworks */,
				CDCBA2472ABB30830029BBB1 /* Resources */,
			);
			buildRules = (
			);
			dependencies = (
				CDCBA24B2ABB30830029BBB1 /* PBXTargetDependency */,
			);
			name = "gps-trackerUITests";
			productName = "gps-trackerUITests";
			productReference = CDCBA2492ABB30830029BBB1 /* gps-trackerUITests.xctest */;
			productType = "com.apple.product-type.bundle.ui-testing";
		};
/* End PBXNativeTarget section */

/* Begin PBXProject section */
		CDCBA2272ABB30820029BBB1 /* Project object */ = {
			isa = PBXProject;
			attributes = {
				BuildIndependentTargetsInParallel = 1;
				LastSwiftUpdateCheck = 1430;
				LastUpgradeCheck = 1430;
				TargetAttributes = {
					CDCBA22E2ABB30820029BBB1 = {
						CreatedOnToolsVersion = 14.3.1;
					};
					CDCBA23E2ABB30830029BBB1 = {
						CreatedOnToolsVersion = 14.3.1;
						TestTargetID = CDCBA22E2ABB30820029BBB1;
					};
					CDCBA2482ABB30830029BBB1 = {
						CreatedOnToolsVersion = 14.3.1;
						TestTargetID = CDCBA22E2ABB30820029BBB1;
					};
				};
			};
			buildConfigurationList = CDCBA22A2ABB30820029BBB1 /* Build configuration list for PBXProject "gps-tracker" */;
			compatibilityVersion = "Xcode 14.0";
			developmentRegion = en;
			hasScannedForEncodings = 0;
			knownRegions = (
				en,
				Base,
			);
			mainGroup = CDCBA2262ABB30820029BBB1;
			productRefGroup = CDCBA2302ABB30820029BBB1 /* Products */;
			projectDirPath = "";
			projectRoot = "";
			targets = (
				CDCBA22E2ABB30820029BBB1 /* gps-tracker */,
				CDCBA23E2ABB30830029BBB1 /* gps-trackerTests */,
				CDCBA2482ABB30830029BBB1 /* gps-trackerUITests */,
			);
		};
/* End PBXProject section */

/* Begin PBXResourcesBuildPhase section */
		CDCBA22D2ABB30820029BBB1 /* Resources */ = {
			isa = PBXResourcesBuildPhase;
			buildActionMask = 2147483647;
			files = (
				CDCBA23A2ABB30830029BBB1 /* Preview Assets.xcassets in Resources */,
				CDCBA2372ABB30830029BBB1 /* Assets.xcassets in Resources */,
			);
			runOnlyForDeploymentPostprocessing = 0;
		};
		CDCBA23D2ABB30830029BBB1 /* Resources */ = {
			isa = PBXResourcesBuildPhase;
			buildActionMask = 2147483647;
			files = (
			);
			runOnlyForDeploymentPostprocessing = 0;
		};
		CDCBA2472ABB30830029BBB1 /* Resources */ = {
			isa = PBXResourcesBuildPhase;
			buildActionMask = 2147483647;
			files = (
			);
			runOnlyForDeploymentPostprocessing = 0;
		};
/* End PBXResourcesBuildPhase section */

/* Begin PBXSourcesBuildPhase section */
		CDCBA22B2ABB30820029BBB1 /* Sources */ = {
			isa = PBXSourcesBuildPhase;
			buildActionMask = 2147483647;
			files = (
				CDCBA2352ABB30820029BBB1 /* ContentView.swift in Sources */,
				CDCBA2332ABB30820029BBB1 /* gps_trackerApp.swift in Sources */,
			);
			runOnlyForDeploymentPostprocessing = 0;
		};
		CDCBA23B2ABB30830029BBB1 /* Sources */ = {
			isa = PBXSourcesBuildPhase;
			buildActionMask = 2147483647;
			files = (
				CDCBA2442ABB30830029BBB1 /* gps_trackerTests.swift in Sources */,
			);
			runOnlyForDeploymentPostprocessing = 0;
		};
		CDCBA2452ABB30830029BBB1 /* Sources */ = {
			isa = PBXSourcesBuildPhase;
			buildActionMask = 2147483647;
			files = (
				CDCBA2502ABB30830029BBB1 /* gps_trackerUITestsLaunchTests.swift in Sources */,
				CDCBA24E2ABB30830029BBB1 /* gps_trackerUITests.swift in Sources */,
			);
			runOnlyForDeploymentPostprocessing = 0;
		};
/* End PBXSourcesBuildPhase section */

/* Begin PBXTargetDependency section */
		CDCBA2412ABB30830029BBB1 /* PBXTargetDependency */ = {
			isa = PBXTargetDependency;
			target = CDCBA22E2ABB30820029BBB1 /* gps-tracker */;
			targetProxy = CDCBA2402ABB30830029BBB1 /* PBXContainerItemProxy */;
		};
		CDCBA24B2ABB30830029BBB1 /* PBXTargetDependency */ = {
			isa = PBXTargetDependency;
			target = CDCBA22E2ABB30820029BBB1 /* gps-tracker */;
			targetProxy = CDCBA24A2ABB30830029BBB1 /* PBXContainerItemProxy */;
		};
/* End PBXTargetDependency section */

/* Begin XCBuildConfiguration section */
		CDCBA2512ABB30830029BBB1 /* Debug */ = {
			isa = XCBuildConfiguration;
			buildSettings = {
				ALWAYS_SEARCH_USER_PATHS = NO;
				CLANG_ANALYZER_NONNULL = YES;
				CLANG_ANALYZER_NUMBER_OBJECT_CONVERSION = YES_AGGRESSIVE;
				CLANG_CXX_LANGUAGE_STANDARD = "gnu++20";
				CLANG_ENABLE_MODULES = YES;
				CLANG_ENABLE_OBJC_ARC = YES;
				CLANG_ENABLE_OBJC_WEAK = YES;
				CLANG_WARN_BLOCK_CAPTURE_AUTORELEASING = YES;
				CLANG_WARN_BOOL_CONVERSION = YES;
				CLANG_WARN_COMMA = YES;
				CLANG_WARN_CONSTANT_CONVERSION = YES;
				CLANG_WARN_DEPRECATED_OBJC_IMPLEMENTATIONS = YES;
				CLANG_WARN_DIRECT_OBJC_ISA_USAGE = YES_ERROR;
				CLANG_WARN_DOCUMENTATION_COMMENTS = YES;
				CLANG_WARN_EMPTY_BODY = YES;
				CLANG_WARN_ENUM_CONVERSION = YES;
				CLANG_WARN_INFINITE_RECURSION = YES;
				CLANG_WARN_INT_CONVERSION = YES;
				CLANG_WARN_NON_LITERAL_NULL_CONVERSION = YES;
				CLANG_WARN_OBJC_IMPLICIT_RETAIN_SELF = YES;
				CLANG_WARN_OBJC_LITERAL_CONVERSION = YES;
				CLANG_WARN_OBJC_ROOT_CLASS = YES_ERROR;
				CLANG_WARN_QUOTED_INCLUDE_IN_FRAMEWORK_HEADER = YES;
				CLANG_WARN_RANGE_LOOP_ANALYSIS = YES;
				CLANG_WARN_STRICT_PROTOTYPES = YES;
				CLANG_WARN_SUSPICIOUS_MOVE = YES;
				CLANG_WARN_UNGUARDED_AVAILABILITY = YES_AGGRESSIVE;
				CLANG_WARN_UNREACHABLE_CODE = YES;
				CLANG_WARN__DUPLICATE_METHOD_MATCH = YES;
				COPY_PHASE_STRIP = NO;
				DEBUG_INFORMATION_FORMAT = dwarf;
				ENABLE_STRICT_OBJC_MSGSEND = YES;
				ENABLE_TESTABILITY = YES;
				GCC_C_LANGUAGE_STANDARD = gnu11;
				GCC_DYNAMIC_NO_PIC = NO;
				GCC_NO_COMMON_BLOCKS = YES;
				GCC_OPTIMIZATION_LEVEL = 0;
				GCC_PREPROCESSOR_DEFINITIONS = (
					"DEBUG=1",
					"$(inherited)",
				);
				GCC_WARN_64_TO_32_BIT_CONVERSION = YES;
				GCC_WARN_ABOUT_RETURN_TYPE = YES_ERROR;
				GCC_WARN_UNDECLARED_SELECTOR = YES;
				GCC_WARN_UNINITIALIZED_AUTOS = YES_AGGRESSIVE;
				GCC_WARN_UNUSED_FUNCTION = YES;
				GCC_WARN_UNUSED_VARIABLE = YES;
				IPHONEOS_DEPLOYMENT_TARGET = 16.4;
				MTL_ENABLE_DEBUG_INFO = INCLUDE_SOURCE;
				MTL_FAST_MATH = YES;
				ONLY_ACTIVE_ARCH = YES;
				SDKROOT = iphoneos;
				SWIFT_ACTIVE_COMPILATION_CONDITIONS = DEBUG;
				SWIFT_OPTIMIZATION_LEVEL = "-Onone";
			};
			name = Debug;
		};
		CDCBA2522ABB30830029BBB1 /* Release */ = {
			isa = XCBuildConfiguration;
			buildSettings = {
				ALWAYS_SEARCH_USER_PATHS = NO;
				CLANG_ANALYZER_NONNULL = YES;
				CLANG_ANALYZER_NUMBER_OBJECT_CONVERSION = YES_AGGRESSIVE;
				CLANG_CXX_LANGUAGE_STANDARD = "gnu++20";
				CLANG_ENABLE_MODULES = YES;
				CLANG_ENABLE_OBJC_ARC = YES;
				CLANG_ENABLE_OBJC_WEAK = YES;
				CLANG_WARN_BLOCK_CAPTURE_AUTORELEASING = YES;
				CLANG_WARN_BOOL_CONVERSION = YES;
				CLANG_WARN_COMMA = YES;
				CLANG_WARN_CONSTANT_CONVERSION = YES;
				CLANG_WARN_DEPRECATED_OBJC_IMPLEMENTATIONS = YES;
				CLANG_WARN_DIRECT_OBJC_ISA_USAGE = YES_ERROR;
				CLANG_WARN_DOCUMENTATION_COMMENTS = YES;
				CLANG_WARN_EMPTY_BODY = YES;
				CLANG_WARN_ENUM_CONVERSION = YES;
				CLANG_WARN_INFINITE_RECURSION = YES;
				CLANG_WARN_INT_CONVERSION = YES;
				CLANG_WARN_NON_LITERAL_NULL_CONVERSION = YES;
				CLANG_WARN_OBJC_IMPLICIT_RETAIN_SELF = YES;
				CLANG_WARN_OBJC_LITERAL_CONVERSION = YES;
				CLANG_WARN_OBJC_ROOT_CLASS = YES_ERROR;
				CLANG_WARN_QUOTED_INCLUDE_IN_FRAMEWORK_HEADER = YES;
				CLANG_WARN_RANGE_LOOP_ANALYSIS = YES;
				CLANG_WARN_STRICT_PROTOTYPES = YES;
				CLANG_WARN_SUSPICIOUS_MOVE = YES;
				CLANG_WARN_UNGUARDED_AVAILABILITY = YES_AGGRESSIVE;
				CLANG_WARN_UNREACHABLE_CODE = YES;
				CLANG_WARN__DUPLICATE_METHOD_MATCH = YES;
				COPY_PHASE_STRIP = NO;
				DEBUG_INFORMATION_FORMAT = "dwarf-with-dsym";
				ENABLE_NS_ASSERTIONS = NO;
				ENABLE_STRICT_OBJC_MSGSEND = YES;
				GCC_C_LANGUAGE_STANDARD = gnu11;
				GCC_NO_COMMON_BLOCKS = YES;
				GCC_WARN_64_TO_32_BIT_CONVERSION = YES;
				GCC_WARN_ABOUT_RETURN_TYPE = YES_ERROR;
				GCC_WARN_UNDECLARED_SELECTOR = YES;
				GCC_WARN_UNINITIALIZED_AUTOS = YES_AGGRESSIVE;
				GCC_WARN_UNUSED_FUNCTION = YES;
				GCC_WARN_UNUSED_VARIABLE = YES;
				IPHONEOS_DEPLOYMENT_TARGET = 16.4;
				MTL_ENABLE_DEBUG_INFO = NO;
				MTL_FAST_MATH = YES;
				SDKROOT = iphoneos;
				SWIFT_COMPILATION_MODE = wholemodule;
				SWIFT_OPTIMIZATION_LEVEL = "-O";
				VALIDATE_PRODUCT = YES;
			};
			name = Release;
		};
		CDCBA2542ABB30830029BBB1 /* Debug */ = {
			isa = XCBuildConfiguration;
			buildSettings = {
				ASSETCATALOG_COMPILER_APPICON_NAME = AppIcon;
				ASSETCATALOG_COMPILER_GLOBAL_ACCENT_COLOR_NAME = AccentColor;
				CODE_SIGN_STYLE = Automatic;
				CURRENT_PROJECT_VERSION = 1;
				DEVELOPMENT_ASSET_PATHS = "\"gps-tracker/Preview Content\"";
				DEVELOPMENT_TEAM = 4E7TQFPUUU;
				ENABLE_PREVIEWS = YES;
				GENERATE_INFOPLIST_FILE = YES;
				INFOPLIST_KEY_UIApplicationSceneManifest_Generation = YES;
				INFOPLIST_KEY_UIApplicationSupportsIndirectInputEvents = YES;
				INFOPLIST_KEY_UILaunchScreen_Generation = YES;
				INFOPLIST_KEY_UISupportedInterfaceOrientations_iPad = "UIInterfaceOrientationPortrait UIInterfaceOrientationPortraitUpsideDown UIInterfaceOrientationLandscapeLeft UIInterfaceOrientationLandscapeRight";
				INFOPLIST_KEY_UISupportedInterfaceOrientations_iPhone = "UIInterfaceOrientationPortrait UIInterfaceOrientationLandscapeLeft UIInterfaceOrientationLandscapeRight";
				LD_RUNPATH_SEARCH_PATHS = (
					"$(inherited)",
					"@executable_path/Frameworks",
				);
				MARKETING_VERSION = 1.0;
				PRODUCT_BUNDLE_IDENTIFIER = "com.aakaash.gps-tracker";
				PRODUCT_NAME = "$(TARGET_NAME)";
				SWIFT_EMIT_LOC_STRINGS = YES;
				SWIFT_VERSION = 5.0;
				TARGETED_DEVICE_FAMILY = "1,2";
			};
			name = Debug;
		};
		CDCBA2552ABB30830029BBB1 /* Release */ = {
			isa = XCBuildConfiguration;
			buildSettings = {
				ASSETCATALOG_COMPILER_APPICON_NAME = AppIcon;
				ASSETCATALOG_COMPILER_GLOBAL_ACCENT_COLOR_NAME = AccentColor;
				CODE_SIGN_STYLE = Automatic;
				CURRENT_PROJECT_VERSION = 1;
				DEVELOPMENT_ASSET_PATHS = "\"gps-tracker/Preview Content\"";
				DEVELOPMENT_TEAM = 4E7TQFPUUU;
				ENABLE_PREVIEWS = YES;
				GENERATE_INFOPLIST_FILE = YES;
				INFOPLIST_KEY_UIApplicationSceneManifest_Generation = YES;
				INFOPLIST_KEY_UIApplicationSupportsIndirectInputEvents = YES;
				INFOPLIST_KEY_UILaunchScreen_Generation = YES;
				INFOPLIST_KEY_UISupportedInterfaceOrientations_iPad = "UIInterfaceOrientationPortrait UIInterfaceOrientationPortraitUpsideDown UIInterfaceOrientationLandscapeLeft UIInterfaceOrientationLandscapeRight";
				INFOPLIST_KEY_UISupportedInterfaceOrientations_iPhone = "UIInterfaceOrientationPortrait UIInterfaceOrientationLandscapeLeft UIInterfaceOrientationLandscapeRight";
				LD_RUNPATH_SEARCH_PATHS = (
					"$(inherited)",
					"@executable_path/Frameworks",
				);
				MARKETING_VERSION = 1.0;
				PRODUCT_BUNDLE_IDENTIFIER = "com.aakaash.gps-tracker";
				PRODUCT_NAME = "$(TARGET_NAME)";
				SWIFT_EMIT_LOC_STRINGS = YES;
				SWIFT_VERSION = 5.0;
				TARGETED_DEVICE_FAMILY = "1,2";
			};
			name = Release;
		};
		CDCBA2572ABB30830029BBB1 /* Debug */ = {
			isa = XCBuildConfiguration;
			buildSettings = {
				ALWAYS_EMBED_SWIFT_STANDARD_LIBRARIES = YES;
				BUNDLE_LOADER = "$(TEST_HOST)";
				CODE_SIGN_STYLE = Automatic;
				CURRENT_PROJECT_VERSION = 1;
				DEVELOPMENT_TEAM = 4E7TQFPUUU;
				GENERATE_INFOPLIST_FILE = YES;
				IPHONEOS_DEPLOYMENT_TARGET = 16.4;
				MARKETING_VERSION = 1.0;
				PRODUCT_BUNDLE_IDENTIFIER = "com.aakaash.gps-trackerTests";
				PRODUCT_NAME = "$(TARGET_NAME)";
				SWIFT_EMIT_LOC_STRINGS = NO;
				SWIFT_VERSION = 5.0;
				TARGETED_DEVICE_FAMILY = "1,2";
				TEST_HOST = "$(BUILT_PRODUCTS_DIR)/gps-tracker.app/$(BUNDLE_EXECUTABLE_FOLDER_PATH)/gps-tracker";
			};
			name = Debug;
		};
		CDCBA2582ABB30830029BBB1 /* Release */ = {
			isa = XCBuildConfiguration;
			buildSettings = {
				ALWAYS_EMBED_SWIFT_STANDARD_LIBRARIES = YES;
				BUNDLE_LOADER = "$(TEST_HOST)";
				CODE_SIGN_STYLE = Automatic;
				CURRENT_PROJECT_VERSION = 1;
				DEVELOPMENT_TEAM = 4E7TQFPUUU;
				GENERATE_INFOPLIST_FILE = YES;
				IPHONEOS_DEPLOYMENT_TARGET = 16.4;
				MARKETING_VERSION = 1.0;
				PRODUCT_BUNDLE_IDENTIFIER = "com.aakaash.gps-trackerTests";
				PRODUCT_NAME = "$(TARGET_NAME)";
				SWIFT_EMIT_LOC_STRINGS = NO;
				SWIFT_VERSION = 5.0;
				TARGETED_DEVICE_FAMILY = "1,2";
				TEST_HOST = "$(BUILT_PRODUCTS_DIR)/gps-tracker.app/$(BUNDLE_EXECUTABLE_FOLDER_PATH)/gps-tracker";
			};
			name = Release;
		};
		CDCBA25A2ABB30830029BBB1 /* Debug */ = {
			isa = XCBuildConfiguration;
			buildSettings = {
				ALWAYS_EMBED_SWIFT_STANDARD_LIBRARIES = YES;
				CODE_SIGN_STYLE = Automatic;
				CURRENT_PROJECT_VERSION = 1;
				DEVELOPMENT_TEAM = 4E7TQFPUUU;
				GENERATE_INFOPLIST_FILE = YES;
				MARKETING_VERSION = 1.0;
				PRODUCT_BUNDLE_IDENTIFIER = "com.aakaash.gps-trackerUITests";
				PRODUCT_NAME = "$(TARGET_NAME)";
				SWIFT_EMIT_LOC_STRINGS = NO;
				SWIFT_VERSION = 5.0;
				TARGETED_DEVICE_FAMILY = "1,2";
				TEST_TARGET_NAME = "gps-tracker";
			};
			name = Debug;
		};
		CDCBA25B2ABB30830029BBB1 /* Release */ = {
			isa = XCBuildConfiguration;
			buildSettings = {
				ALWAYS_EMBED_SWIFT_STANDARD_LIBRARIES = YES;
				CODE_SIGN_STYLE = Automatic;
				CURRENT_PROJECT_VERSION = 1;
				DEVELOPMENT_TEAM = 4E7TQFPUUU;
				GENERATE_INFOPLIST_FILE = YES;
				MARKETING_VERSION = 1.0;
				PRODUCT_BUNDLE_IDENTIFIER = "com.aakaash.gps-trackerUITests";
				PRODUCT_NAME = "$(TARGET_NAME)";
				SWIFT_EMIT_LOC_STRINGS = NO;
				SWIFT_VERSION = 5.0;
				TARGETED_DEVICE_FAMILY = "1,2";
				TEST_TARGET_NAME = "gps-tracker";
			};
			name = Release;
		};
/* End XCBuildConfiguration section */

/* Begin XCConfigurationList section */
		CDCBA22A2ABB30820029BBB1 /* Build configuration list for PBXProject "gps-tracker" */ = {
			isa = XCConfigurationList;
			buildConfigurations = (
				CDCBA2512ABB30830029BBB1 /* Debug */,
				CDCBA2522ABB30830029BBB1 /* Release */,
			);
			defaultConfigurationIsVisible = 0;
			defaultConfigurationName = Release;
		};
		CDCBA2532ABB30830029BBB1 /* Build configuration list for PBXNativeTarget "gps-tracker" */ = {
			isa = XCConfigurationList;
			buildConfigurations = (
				CDCBA2542ABB30830029BBB1 /* Debug */,
				CDCBA2552ABB30830029BBB1 /* Release */,
			);
			defaultConfigurationIsVisible = 0;
			defaultConfigurationName = Release;
		};
		CDCBA2562ABB30830029BBB1 /* Build configuration list for PBXNativeTarget "gps-trackerTests" */ = {
			isa = XCConfigurationList;
			buildConfigurations = (
				CDCBA2572ABB30830029BBB1 /* Debug */,
				CDCBA2582ABB30830029BBB1 /* Release */,
			);
			defaultConfigurationIsVisible = 0;
			defaultConfigurationName = Release;
		};
		CDCBA2592ABB30830029BBB1 /* Build configuration list for PBXNativeTarget "gps-trackerUITests" */ = {
			isa = XCConfigurationList;
			buildConfigurations = (
				CDCBA25A2ABB30830029BBB1 /* Debug */,
				CDCBA25B2ABB30830029BBB1 /* Release */,
			);
			defaultConfigurationIsVisible = 0;
			defaultConfigurationName = Release;
		};
/* End XCConfigurationList section */
	};
	rootObject = CDCBA2272ABB30820029BBB1 /* Project object */;
}
